
Microsoft Visual Studio Solution File, Format Version 12.00
# Visual Studio Version 17
VisualStudioVersion = 17.0.32014.148
MinimumVisualStudioVersion = 10.0.40219.1
Project("{9A19103F-16F7-4668-BE54-9A1E7A4F7556}") = "FizzBuzz", "FizzBuzz\FizzBuzz.csproj", "{4CF6E4CE-9A4E-4309-AD5B-E0B9147669A1}"
EndProject
Project("{FAE04EC0-301F-11D3-BF4B-00C04F79EFBC}") = "CashpointWPF", "CashpointWPF\CashpointWPF.csproj", "{3A00CEB0-ABEC-4C4C-AA55-5EE1CF9BD265}"
EndProject
Global
	GlobalSection(SolutionConfigurationPlatforms) = preSolution
		Debug|Any CPU = Debug|Any CPU
		Release|Any CPU = Release|Any CPU
	EndGlobalSection
	GlobalSection(ProjectConfigurationPlatforms) = postSolution
		{4CF6E4CE-9A4E-4309-AD5B-E0B9147669A1}.Debug|Any CPU.ActiveCfg = Debug|Any CPU
		{4CF6E4CE-9A4E-4309-AD5B-E0B9147669A1}.Debug|Any CPU.Build.0 = Debug|Any CPU
		{4CF6E4CE-9A4E-4309-AD5B-E0B9147669A1}.Release|Any CPU.ActiveCfg = Release|Any CPU
		{4CF6E4CE-9A4E-4309-AD5B-E0B9147669A1}.Release|Any CPU.Build.0 = Release|Any CPU
		{3A00CEB0-ABEC-4C4C-AA55-5EE1CF9BD265}.Debug|Any CPU.ActiveCfg = Debug|Any CPU
		{3A00CEB0-ABEC-4C4C-AA55-5EE1CF9BD265}.Debug|Any CPU.Build.0 = Debug|Any CPU
		{3A00CEB0-ABEC-4C4C-AA55-5EE1CF9BD265}.Release|Any CPU.ActiveCfg = Release|Any CPU
		{3A00CEB0-ABEC-4C4C-AA55-5EE1CF9BD265}.Release|Any CPU.Build.0 = Release|Any CPU
	EndGlobalSection
	GlobalSection(SolutionProperties) = preSolution
		HideSolutionNode = FALSE
	EndGlobalSection
	GlobalSection(ExtensibilityGlobals) = postSolution
		SolutionGuid = {0D9E36F8-79F2-4D92-9029-B94D061BBE55}
	EndGlobalSection
EndGlobal
